
Microsoft Visual Studio Solution File, Format Version 12.00
# Visual Studio Version 16
VisualStudioVersion = 16.0.30907.101
MinimumVisualStudioVersion = 10.0.40219.1
Project("{FAE04EC0-301F-11D3-BF4B-00C04F79EFBC}") = "BirNotAPI", "BirNotAPI\BirNotAPI.csproj", "{8177389E-4265-4BEB-ACD0-9BFC6B71EBCD}"
EndProject
Project("{FAE04EC0-301F-11D3-BF4B-00C04F79EFBC}") = "BirNotUI", "BirNotUI\BirNotUI.csproj", "{2CEE84D9-4D5F-4BCC-B026-469AB3B4D094}"
EndProject
Global
	GlobalSection(SolutionConfigurationPlatforms) = preSolution
		Debug|Any CPU = Debug|Any CPU
		Release|Any CPU = Release|Any CPU
	EndGlobalSection
	GlobalSection(ProjectConfigurationPlatforms) = postSolution
		{8177389E-4265-4BEB-ACD0-9BFC6B71EBCD}.Debug|Any CPU.ActiveCfg = Debug|Any CPU
		{8177389E-4265-4BEB-ACD0-9BFC6B71EBCD}.Debug|Any CPU.Build.0 = Debug|Any CPU
		{8177389E-4265-4BEB-ACD0-9BFC6B71EBCD}.Release|Any CPU.ActiveCfg = Release|Any CPU
		{8177389E-4265-4BEB-ACD0-9BFC6B71EBCD}.Release|Any CPU.Build.0 = Release|Any CPU
		{2CEE84D9-4D5F-4BCC-B026-469AB3B4D094}.Debug|Any CPU.ActiveCfg = Debug|Any CPU
		{2CEE84D9-4D5F-4BCC-B026-469AB3B4D094}.Debug|Any CPU.Build.0 = Debug|Any CPU
		{2CEE84D9-4D5F-4BCC-B026-469AB3B4D094}.Release|Any CPU.ActiveCfg = Release|Any CPU
		{2CEE84D9-4D5F-4BCC-B026-469AB3B4D094}.Release|Any CPU.Build.0 = Release|Any CPU
	EndGlobalSection
	GlobalSection(SolutionProperties) = preSolution
		HideSolutionNode = FALSE
	EndGlobalSection
	GlobalSection(ExtensibilityGlobals) = postSolution
		SolutionGuid = {69614DC7-84AD-4786-B3B1-E5CFFEB012D6}
	EndGlobalSection
EndGlobal
